// !$*UTF8*$!
{
	archiveVersion = 1;
	classes = {
	};
	objectVersion = 55;
	objects = {

/* Begin PBXBuildFile section */
		C58F570E28D8808A00D41614 /* Project12CoreDataProjectApp.swift in Sources */ = {isa = PBXBuildFile; fileRef = C58F570D28D8808A00D41614 /* Project12CoreDataProjectApp.swift */; };
		C58F571028D8808A00D41614 /* ContentView.swift in Sources */ = {isa = PBXBuildFile; fileRef = C58F570F28D8808A00D41614 /* ContentView.swift */; };
		C58F571228D8808B00D41614 /* Assets.xcassets in Resources */ = {isa = PBXBuildFile; fileRef = C58F571128D8808B00D41614 /* Assets.xcassets */; };
		C58F571528D8808B00D41614 /* Preview Assets.xcassets in Resources */ = {isa = PBXBuildFile; fileRef = C58F571428D8808B00D41614 /* Preview Assets.xcassets */; };
		C58F571C28D880C400D41614 /* DataController.swift in Sources */ = {isa = PBXBuildFile; fileRef = C58F571B28D880C400D41614 /* DataController.swift */; };
		C58F571F28D880F600D41614 /* CoreDataProject.xcdatamodeld in Sources */ = {isa = PBXBuildFile; fileRef = C58F571D28D880F600D41614 /* CoreDataProject.xcdatamodeld */; };
		C58F572628D88CA400D41614 /* Singer+CoreDataClass.swift in Sources */ = {isa = PBXBuildFile; fileRef = C58F572428D88CA400D41614 /* Singer+CoreDataClass.swift */; };
		C58F572728D88CA400D41614 /* Singer+CoreDataProperties.swift in Sources */ = {isa = PBXBuildFile; fileRef = C58F572528D88CA400D41614 /* Singer+CoreDataProperties.swift */; };
		C58F572928D88DD100D41614 /* FilteredList.swift in Sources */ = {isa = PBXBuildFile; fileRef = C58F572828D88DD100D41614 /* FilteredList.swift */; };
/* End PBXBuildFile section */

/* Begin PBXFileReference section */
		C58F570A28D8808A00D41614 /* Project12CoreDataProject.app */ = {isa = PBXFileReference; explicitFileType = wrapper.application; includeInIndex = 0; path = Project12CoreDataProject.app; sourceTree = BUILT_PRODUCTS_DIR; };
		C58F570D28D8808A00D41614 /* Project12CoreDataProjectApp.swift */ = {isa = PBXFileReference; lastKnownFileType = sourcecode.swift; path = Project12CoreDataProjectApp.swift; sourceTree = "<group>"; };
		C58F570F28D8808A00D41614 /* ContentView.swift */ = {isa = PBXFileReference; lastKnownFileType = sourcecode.swift; path = ContentView.swift; sourceTree = "<group>"; };
		C58F571128D8808B00D41614 /* Assets.xcassets */ = {isa = PBXFileReference; lastKnownFileType = folder.assetcatalog; path = Assets.xcassets; sourceTree = "<group>"; };
		C58F571428D8808B00D41614 /* Preview Assets.xcassets */ = {isa = PBXFileReference; lastKnownFileType = folder.assetcatalog; path = "Preview Assets.xcassets"; sourceTree = "<group>"; };
		C58F571B28D880C400D41614 /* DataController.swift */ = {isa = PBXFileReference; lastKnownFileType = sourcecode.swift; path = DataController.swift; sourceTree = "<group>"; };
		C58F571E28D880F600D41614 /* CoreDataProject.xcdatamodel */ = {isa = PBXFileReference; lastKnownFileType = wrapper.xcdatamodel; path = CoreDataProject.xcdatamodel; sourceTree = "<group>"; };
		C58F572428D88CA400D41614 /* Singer+CoreDataClass.swift */ = {isa = PBXFileReference; lastKnownFileType = sourcecode.swift; path = "Singer+CoreDataClass.swift"; sourceTree = "<group>"; };
		C58F572528D88CA400D41614 /* Singer+CoreDataProperties.swift */ = {isa = PBXFileReference; lastKnownFileType = sourcecode.swift; path = "Singer+CoreDataProperties.swift"; sourceTree = "<group>"; };
		C58F572828D88DD100D41614 /* FilteredList.swift */ = {isa = PBXFileReference; lastKnownFileType = sourcecode.swift; path = FilteredList.swift; sourceTree = "<group>"; };
/* End PBXFileReference section */

/* Begin PBXFrameworksBuildPhase section */
		C58F570728D8808A00D41614 /* Frameworks */ = {
			isa = PBXFrameworksBuildPhase;
			buildActionMask = 2147483647;
			files = (
			);
			runOnlyForDeploymentPostprocessing = 0;
		};
/* End PBXFrameworksBuildPhase section */

/* Begin PBXGroup section */
		C58F570128D8808A00D41614 = {
			isa = PBXGroup;
			children = (
				C58F570C28D8808A00D41614 /* Project12CoreDataProject */,
				C58F570B28D8808A00D41614 /* Products */,
			);
			sourceTree = "<group>";
		};
		C58F570B28D8808A00D41614 /* Products */ = {
			isa = PBXGroup;
			children = (
				C58F570A28D8808A00D41614 /* Project12CoreDataProject.app */,
			);
			name = Products;
			sourceTree = "<group>";
		};
		C58F570C28D8808A00D41614 /* Project12CoreDataProject */ = {
			isa = PBXGroup;
			children = (
				C58F572428D88CA400D41614 /* Singer+CoreDataClass.swift */,
				C58F572528D88CA400D41614 /* Singer+CoreDataProperties.swift */,
				C58F570D28D8808A00D41614 /* Project12CoreDataProjectApp.swift */,
				C58F570F28D8808A00D41614 /* ContentView.swift */,
				C58F572828D88DD100D41614 /* FilteredList.swift */,
				C58F571B28D880C400D41614 /* DataController.swift */,
				C58F571D28D880F600D41614 /* CoreDataProject.xcdatamodeld */,
				C58F571128D8808B00D41614 /* Assets.xcassets */,
				C58F571328D8808B00D41614 /* Preview Content */,
			);
			path = Project12CoreDataProject;
			sourceTree = "<group>";
		};
		C58F571328D8808B00D41614 /* Preview Content */ = {
			isa = PBXGroup;
			children = (
				C58F571428D8808B00D41614 /* Preview Assets.xcassets */,
			);
			path = "Preview Content";
			sourceTree = "<group>";
		};
/* End PBXGroup section */

/* Begin PBXNativeTarget section */
		C58F570928D8808A00D41614 /* Project12CoreDataProject */ = {
			isa = PBXNativeTarget;
			buildConfigurationList = C58F571828D8808B00D41614 /* Build configuration list for PBXNativeTarget "Project12CoreDataProject" */;
			buildPhases = (
				C58F570628D8808A00D41614 /* Sources */,
				C58F570728D8808A00D41614 /* Frameworks */,
				C58F570828D8808A00D41614 /* Resources */,
			);
			buildRules = (
			);
			dependencies = (
			);
			name = Project12CoreDataProject;
			productName = Project12CoreDataProject;
			productReference = C58F570A28D8808A00D41614 /* Project12CoreDataProject.app */;
			productType = "com.apple.product-type.application";
		};
/* End PBXNativeTarget section */

/* Begin PBXProject section */
		C58F570228D8808A00D41614 /* Project object */ = {
			isa = PBXProject;
			attributes = {
				BuildIndependentTargetsInParallel = 1;
				LastSwiftUpdateCheck = 1340;
				LastUpgradeCheck = 1340;
				TargetAttributes = {
					C58F570928D8808A00D41614 = {
						CreatedOnToolsVersion = 13.4.1;
					};
				};
			};
			buildConfigurationList = C58F570528D8808A00D41614 /* Build configuration list for PBXProject "Project12CoreDataProject" */;
			compatibilityVersion = "Xcode 13.0";
			developmentRegion = en;
			hasScannedForEncodings = 0;
			knownRegions = (
				en,
				Base,
			);
			mainGroup = C58F570128D8808A00D41614;
			productRefGroup = C58F570B28D8808A00D41614 /* Products */;
			projectDirPath = "";
			projectRoot = "";
			targets = (
				C58F570928D8808A00D41614 /* Project12CoreDataProject */,
			);
		};
/* End PBXProject section */

/* Begin PBXResourcesBuildPhase section */
		C58F570828D8808A00D41614 /* Resources */ = {
			isa = PBXResourcesBuildPhase;
			buildActionMask = 2147483647;
			files = (
				C58F571528D8808B00D41614 /* Preview Assets.xcassets in Resources */,
				C58F571228D8808B00D41614 /* Assets.xcassets in Resources */,
			);
			runOnlyForDeploymentPostprocessing = 0;
		};
/* End PBXResourcesBuildPhase section */

/* Begin PBXSourcesBuildPhase section */
		C58F570628D8808A00D41614 /* Sources */ = {
			isa = PBXSourcesBuildPhase;
			buildActionMask = 2147483647;
			files = (
				C58F571028D8808A00D41614 /* ContentView.swift in Sources */,
				C58F572728D88CA400D41614 /* Singer+CoreDataProperties.swift in Sources */,
				C58F571C28D880C400D41614 /* DataController.swift in Sources */,
				C58F572628D88CA400D41614 /* Singer+CoreDataClass.swift in Sources */,
				C58F571F28D880F600D41614 /* CoreDataProject.xcdatamodeld in Sources */,
				C58F570E28D8808A00D41614 /* Project12CoreDataProjectApp.swift in Sources */,
				C58F572928D88DD100D41614 /* FilteredList.swift in Sources */,
			);
			runOnlyForDeploymentPostprocessing = 0;
		};
/* End PBXSourcesBuildPhase section */

/* Begin XCBuildConfiguration section */
		C58F571628D8808B00D41614 /* Debug */ = {
			isa = XCBuildConfiguration;
			buildSettings = {
				ALWAYS_SEARCH_USER_PATHS = NO;
				CLANG_ANALYZER_NONNULL = YES;
				CLANG_ANALYZER_NUMBER_OBJECT_CONVERSION = YES_AGGRESSIVE;
				CLANG_CXX_LANGUAGE_STANDARD = "gnu++17";
				CLANG_ENABLE_MODULES = YES;
				CLANG_ENABLE_OBJC_ARC = YES;
				CLANG_ENABLE_OBJC_WEAK = YES;
				CLANG_WARN_BLOCK_CAPTURE_AUTORELEASING = YES;
				CLANG_WARN_BOOL_CONVERSION = YES;
				CLANG_WARN_COMMA = YES;
				CLANG_WARN_CONSTANT_CONVERSION = YES;
				CLANG_WARN_DEPRECATED_OBJC_IMPLEMENTATIONS = YES;
				CLANG_WARN_DIRECT_OBJC_ISA_USAGE = YES_ERROR;
				CLANG_WARN_DOCUMENTATION_COMMENTS = YES;
				CLANG_WARN_EMPTY_BODY = YES;
				CLANG_WARN_ENUM_CONVERSION = YES;
				CLANG_WARN_INFINITE_RECURSION = YES;
				CLANG_WARN_INT_CONVERSION = YES;
				CLANG_WARN_NON_LITERAL_NULL_CONVERSION = YES;
				CLANG_WARN_OBJC_IMPLICIT_RETAIN_SELF = YES;
				CLANG_WARN_OBJC_LITERAL_CONVERSION = YES;
				CLANG_WARN_OBJC_ROOT_CLASS = YES_ERROR;
				CLANG_WARN_QUOTED_INCLUDE_IN_FRAMEWORK_HEADER = YES;
				CLANG_WARN_RANGE_LOOP_ANALYSIS = YES;
				CLANG_WARN_STRICT_PROTOTYPES = YES;
				CLANG_WARN_SUSPICIOUS_MOVE = YES;
				CLANG_WARN_UNGUARDED_AVAILABILITY = YES_AGGRESSIVE;
				CLANG_WARN_UNREACHABLE_CODE = YES;
				CLANG_WARN__DUPLICATE_METHOD_MATCH = YES;
				COPY_PHASE_STRIP = NO;
				DEBUG_INFORMATION_FORMAT = dwarf;
				ENABLE_STRICT_OBJC_MSGSEND = YES;
				ENABLE_TESTABILITY = YES;
				GCC_C_LANGUAGE_STANDARD = gnu11;
				GCC_DYNAMIC_NO_PIC = NO;
				GCC_NO_COMMON_BLOCKS = YES;
				GCC_OPTIMIZATION_LEVEL = 0;
				GCC_PREPROCESSOR_DEFINITIONS = (
					"DEBUG=1",
					"$(inherited)",
				);
				GCC_WARN_64_TO_32_BIT_CONVERSION = YES;
				GCC_WARN_ABOUT_RETURN_TYPE = YES_ERROR;
				GCC_WARN_UNDECLARED_SELECTOR = YES;
				GCC_WARN_UNINITIALIZED_AUTOS = YES_AGGRESSIVE;
				GCC_WARN_UNUSED_FUNCTION = YES;
				GCC_WARN_UNUSED_VARIABLE = YES;
				IPHONEOS_DEPLOYMENT_TARGET = 15.5;
				MTL_ENABLE_DEBUG_INFO = INCLUDE_SOURCE;
				MTL_FAST_MATH = YES;
				ONLY_ACTIVE_ARCH = YES;
				SDKROOT = iphoneos;
				SWIFT_ACTIVE_COMPILATION_CONDITIONS = DEBUG;
				SWIFT_OPTIMIZATION_LEVEL = "-Onone";
			};
			name = Debug;
		};
		C58F571728D8808B00D41614 /* Release */ = {
			isa = XCBuildConfiguration;
			buildSettings = {
				ALWAYS_SEARCH_USER_PATHS = NO;
				CLANG_ANALYZER_NONNULL = YES;
				CLANG_ANALYZER_NUMBER_OBJECT_CONVERSION = YES_AGGRESSIVE;
				CLANG_CXX_LANGUAGE_STANDARD = "gnu++17";
				CLANG_ENABLE_MODULES = YES;
				CLANG_ENABLE_OBJC_ARC = YES;
				CLANG_ENABLE_OBJC_WEAK = YES;
				CLANG_WARN_BLOCK_CAPTURE_AUTORELEASING = YES;
				CLANG_WARN_BOOL_CONVERSION = YES;
				CLANG_WARN_COMMA = YES;
				CLANG_WARN_CONSTANT_CONVERSION = YES;
				CLANG_WARN_DEPRECATED_OBJC_IMPLEMENTATIONS = YES;
				CLANG_WARN_DIRECT_OBJC_ISA_USAGE = YES_ERROR;
				CLANG_WARN_DOCUMENTATION_COMMENTS = YES;
				CLANG_WARN_EMPTY_BODY = YES;
				CLANG_WARN_ENUM_CONVERSION = YES;
				CLANG_WARN_INFINITE_RECURSION = YES;
				CLANG_WARN_INT_CONVERSION = YES;
				CLANG_WARN_NON_LITERAL_NULL_CONVERSION = YES;
				CLANG_WARN_OBJC_IMPLICIT_RETAIN_SELF = YES;
				CLANG_WARN_OBJC_LITERAL_CONVERSION = YES;
				CLANG_WARN_OBJC_ROOT_CLASS = YES_ERROR;
				CLANG_WARN_QUOTED_INCLUDE_IN_FRAMEWORK_HEADER = YES;
				CLANG_WARN_RANGE_LOOP_ANALYSIS = YES;
				CLANG_WARN_STRICT_PROTOTYPES = YES;
				CLANG_WARN_SUSPICIOUS_MOVE = YES;
				CLANG_WARN_UNGUARDED_AVAILABILITY = YES_AGGRESSIVE;
				CLANG_WARN_UNREACHABLE_CODE = YES;
				CLANG_WARN__DUPLICATE_METHOD_MATCH = YES;
				COPY_PHASE_STRIP = NO;
				DEBUG_INFORMATION_FORMAT = "dwarf-with-dsym";
				ENABLE_NS_ASSERTIONS = NO;
				ENABLE_STRICT_OBJC_MSGSEND = YES;
				GCC_C_LANGUAGE_STANDARD = gnu11;
				GCC_NO_COMMON_BLOCKS = YES;
				GCC_WARN_64_TO_32_BIT_CONVERSION = YES;
				GCC_WARN_ABOUT_RETURN_TYPE = YES_ERROR;
				GCC_WARN_UNDECLARED_SELECTOR = YES;
				GCC_WARN_UNINITIALIZED_AUTOS = YES_AGGRESSIVE;
				GCC_WARN_UNUSED_FUNCTION = YES;
				GCC_WARN_UNUSED_VARIABLE = YES;
				IPHONEOS_DEPLOYMENT_TARGET = 15.5;
				MTL_ENABLE_DEBUG_INFO = NO;
				MTL_FAST_MATH = YES;
				SDKROOT = iphoneos;
				SWIFT_COMPILATION_MODE = wholemodule;
				SWIFT_OPTIMIZATION_LEVEL = "-O";
				VALIDATE_PRODUCT = YES;
			};
			name = Release;
		};
		C58F571928D8808B00D41614 /* Debug */ = {
			isa = XCBuildConfiguration;
			buildSettings = {
				ASSETCATALOG_COMPILER_APPICON_NAME = AppIcon;
				ASSETCATALOG_COMPILER_GLOBAL_ACCENT_COLOR_NAME = AccentColor;
				CODE_SIGN_STYLE = Automatic;
				CURRENT_PROJECT_VERSION = 1;
				DEVELOPMENT_ASSET_PATHS = "\"Project12CoreDataProject/Preview Content\"";
				DEVELOPMENT_TEAM = ACST29WRU8;
				ENABLE_PREVIEWS = YES;
				GENERATE_INFOPLIST_FILE = YES;
				INFOPLIST_KEY_UIApplicationSceneManifest_Generation = YES;
				INFOPLIST_KEY_UIApplicationSupportsIndirectInputEvents = YES;
				INFOPLIST_KEY_UILaunchScreen_Generation = YES;
				INFOPLIST_KEY_UISupportedInterfaceOrientations_iPad = "UIInterfaceOrientationPortrait UIInterfaceOrientationPortraitUpsideDown UIInterfaceOrientationLandscapeLeft UIInterfaceOrientationLandscapeRight";
				INFOPLIST_KEY_UISupportedInterfaceOrientations_iPhone = "UIInterfaceOrientationPortrait UIInterfaceOrientationLandscapeLeft UIInterfaceOrientationLandscapeRight";
				LD_RUNPATH_SEARCH_PATHS = (
					"$(inherited)",
					"@executable_path/Frameworks",
				);
				MARKETING_VERSION = 1.0;
				PRODUCT_BUNDLE_IDENTIFIER = com.Miran.Project12CoreDataProject;
				PRODUCT_NAME = "$(TARGET_NAME)";
				SWIFT_EMIT_LOC_STRINGS = YES;
				SWIFT_VERSION = 5.0;
				TARGETED_DEVICE_FAMILY = "1,2";
			};
			name = Debug;
		};
		C58F571A28D8808B00D41614 /* Release */ = {
			isa = XCBuildConfiguration;
			buildSettings = {
				ASSETCATALOG_COMPILER_APPICON_NAME = AppIcon;
				ASSETCATALOG_COMPILER_GLOBAL_ACCENT_COLOR_NAME = AccentColor;
				CODE_SIGN_STYLE = Automatic;
				CURRENT_PROJECT_VERSION = 1;
				DEVELOPMENT_ASSET_PATHS = "\"Project12CoreDataProject/Preview Content\"";
				DEVELOPMENT_TEAM = ACST29WRU8;
				ENABLE_PREVIEWS = YES;
				GENERATE_INFOPLIST_FILE = YES;
				INFOPLIST_KEY_UIApplicationSceneManifest_Generation = YES;
				INFOPLIST_KEY_UIApplicationSupportsIndirectInputEvents = YES;
				INFOPLIST_KEY_UILaunchScreen_Generation = YES;
				INFOPLIST_KEY_UISupportedInterfaceOrientations_iPad = "UIInterfaceOrientationPortrait UIInterfaceOrientationPortraitUpsideDown UIInterfaceOrientationLandscapeLeft UIInterfaceOrientationLandscapeRight";
				INFOPLIST_KEY_UISupportedInterfaceOrientations_iPhone = "UIInterfaceOrientationPortrait UIInterfaceOrientationLandscapeLeft UIInterfaceOrientationLandscapeRight";
				LD_RUNPATH_SEARCH_PATHS = (
					"$(inherited)",
					"@executable_path/Frameworks",
				);
				MARKETING_VERSION = 1.0;
				PRODUCT_BUNDLE_IDENTIFIER = com.Miran.Project12CoreDataProject;
				PRODUCT_NAME = "$(TARGET_NAME)";
				SWIFT_EMIT_LOC_STRINGS = YES;
				SWIFT_VERSION = 5.0;
				TARGETED_DEVICE_FAMILY = "1,2";
			};
			name = Release;
		};
/* End XCBuildConfiguration section */

/* Begin XCConfigurationList section */
		C58F570528D8808A00D41614 /* Build configuration list for PBXProject "Project12CoreDataProject" */ = {
			isa = XCConfigurationList;
			buildConfigurations = (
				C58F571628D8808B00D41614 /* Debug */,
				C58F571728D8808B00D41614 /* Release */,
			);
			defaultConfigurationIsVisible = 0;
			defaultConfigurationName = Release;
		};
		C58F571828D8808B00D41614 /* Build configuration list for PBXNativeTarget "Project12CoreDataProject" */ = {
			isa = XCConfigurationList;
			buildConfigurations = (
				C58F571928D8808B00D41614 /* Debug */,
				C58F571A28D8808B00D41614 /* Release */,
			);
			defaultConfigurationIsVisible = 0;
			defaultConfigurationName = Release;
		};
/* End XCConfigurationList section */

/* Begin XCVersionGroup section */
		C58F571D28D880F600D41614 /* CoreDataProject.xcdatamodeld */ = {
			isa = XCVersionGroup;
			children = (
				C58F571E28D880F600D41614 /* CoreDataProject.xcdatamodel */,
			);
			currentVersion = C58F571E28D880F600D41614 /* CoreDataProject.xcdatamodel */;
			path = CoreDataProject.xcdatamodeld;
			sourceTree = "<group>";
			versionGroupType = wrapper.xcdatamodel;
		};
/* End XCVersionGroup section */
	};
	rootObject = C58F570228D8808A00D41614 /* Project object */;
}
