// !$*UTF8*$!
{
	archiveVersion = 1;
	classes = {
	};
	objectVersion = 55;
	objects = {

/* Begin PBXBuildFile section */
		C5AD2CE628E3147A00146C61 /* Milestone10_12UserFrieendsApp.swift in Sources */ = {isa = PBXBuildFile; fileRef = C5AD2CE528E3147A00146C61 /* Milestone10_12UserFrieendsApp.swift */; };
		C5AD2CE828E3147A00146C61 /* ContentView.swift in Sources */ = {isa = PBXBuildFile; fileRef = C5AD2CE728E3147A00146C61 /* ContentView.swift */; };
		C5AD2CEA28E3147C00146C61 /* Assets.xcassets in Resources */ = {isa = PBXBuildFile; fileRef = C5AD2CE928E3147C00146C61 /* Assets.xcassets */; };
		C5AD2CED28E3147C00146C61 /* Preview Assets.xcassets in Resources */ = {isa = PBXBuildFile; fileRef = C5AD2CEC28E3147C00146C61 /* Preview Assets.xcassets */; };
		C5AD2CF428E315D900146C61 /* User.swift in Sources */ = {isa = PBXBuildFile; fileRef = C5AD2CF328E315D900146C61 /* User.swift */; };
		C5AD2CFA28E326A400146C61 /* DetailView.swift in Sources */ = {isa = PBXBuildFile; fileRef = C5AD2CF928E326A400146C61 /* DetailView.swift */; };
		C5AD2CFC28E334A900146C61 /* Friends.swift in Sources */ = {isa = PBXBuildFile; fileRef = C5AD2CFB28E334A900146C61 /* Friends.swift */; };
/* End PBXBuildFile section */

/* Begin PBXFileReference section */
		C5AD2CE228E3147A00146C61 /* Milestone10-12UserFrieends.app */ = {isa = PBXFileReference; explicitFileType = wrapper.application; includeInIndex = 0; path = "Milestone10-12UserFrieends.app"; sourceTree = BUILT_PRODUCTS_DIR; };
		C5AD2CE528E3147A00146C61 /* Milestone10_12UserFrieendsApp.swift */ = {isa = PBXFileReference; lastKnownFileType = sourcecode.swift; path = Milestone10_12UserFrieendsApp.swift; sourceTree = "<group>"; };
		C5AD2CE728E3147A00146C61 /* ContentView.swift */ = {isa = PBXFileReference; lastKnownFileType = sourcecode.swift; path = ContentView.swift; sourceTree = "<group>"; };
		C5AD2CE928E3147C00146C61 /* Assets.xcassets */ = {isa = PBXFileReference; lastKnownFileType = folder.assetcatalog; path = Assets.xcassets; sourceTree = "<group>"; };
		C5AD2CEC28E3147C00146C61 /* Preview Assets.xcassets */ = {isa = PBXFileReference; lastKnownFileType = folder.assetcatalog; path = "Preview Assets.xcassets"; sourceTree = "<group>"; };
		C5AD2CF328E315D900146C61 /* User.swift */ = {isa = PBXFileReference; lastKnownFileType = sourcecode.swift; path = User.swift; sourceTree = "<group>"; };
		C5AD2CF928E326A400146C61 /* DetailView.swift */ = {isa = PBXFileReference; lastKnownFileType = sourcecode.swift; path = DetailView.swift; sourceTree = "<group>"; };
		C5AD2CFB28E334A900146C61 /* Friends.swift */ = {isa = PBXFileReference; lastKnownFileType = sourcecode.swift; path = Friends.swift; sourceTree = "<group>"; };
/* End PBXFileReference section */

/* Begin PBXFrameworksBuildPhase section */
		C5AD2CDF28E3147A00146C61 /* Frameworks */ = {
			isa = PBXFrameworksBuildPhase;
			buildActionMask = 2147483647;
			files = (
			);
			runOnlyForDeploymentPostprocessing = 0;
		};
/* End PBXFrameworksBuildPhase section */

/* Begin PBXGroup section */
		C5AD2CD928E3147A00146C61 = {
			isa = PBXGroup;
			children = (
				C5AD2CE428E3147A00146C61 /* Milestone10-12UserFrieends */,
				C5AD2CE328E3147A00146C61 /* Products */,
			);
			sourceTree = "<group>";
		};
		C5AD2CE328E3147A00146C61 /* Products */ = {
			isa = PBXGroup;
			children = (
				C5AD2CE228E3147A00146C61 /* Milestone10-12UserFrieends.app */,
			);
			name = Products;
			sourceTree = "<group>";
		};
		C5AD2CE428E3147A00146C61 /* Milestone10-12UserFrieends */ = {
			isa = PBXGroup;
			children = (
				C5AD2CE528E3147A00146C61 /* Milestone10_12UserFrieendsApp.swift */,
				C5AD2CE728E3147A00146C61 /* ContentView.swift */,
				C5AD2CF928E326A400146C61 /* DetailView.swift */,
				C5AD2CF328E315D900146C61 /* User.swift */,
				C5AD2CFB28E334A900146C61 /* Friends.swift */,
				C5AD2CE928E3147C00146C61 /* Assets.xcassets */,
				C5AD2CEB28E3147C00146C61 /* Preview Content */,
			);
			path = "Milestone10-12UserFrieends";
			sourceTree = "<group>";
		};
		C5AD2CEB28E3147C00146C61 /* Preview Content */ = {
			isa = PBXGroup;
			children = (
				C5AD2CEC28E3147C00146C61 /* Preview Assets.xcassets */,
			);
			path = "Preview Content";
			sourceTree = "<group>";
		};
/* End PBXGroup section */

/* Begin PBXNativeTarget section */
		C5AD2CE128E3147A00146C61 /* Milestone10-12UserFrieends */ = {
			isa = PBXNativeTarget;
			buildConfigurationList = C5AD2CF028E3147C00146C61 /* Build configuration list for PBXNativeTarget "Milestone10-12UserFrieends" */;
			buildPhases = (
				C5AD2CDE28E3147A00146C61 /* Sources */,
				C5AD2CDF28E3147A00146C61 /* Frameworks */,
				C5AD2CE028E3147A00146C61 /* Resources */,
			);
			buildRules = (
			);
			dependencies = (
			);
			name = "Milestone10-12UserFrieends";
			productName = "Milestone10-12UserFrieends";
			productReference = C5AD2CE228E3147A00146C61 /* Milestone10-12UserFrieends.app */;
			productType = "com.apple.product-type.application";
		};
/* End PBXNativeTarget section */

/* Begin PBXProject section */
		C5AD2CDA28E3147A00146C61 /* Project object */ = {
			isa = PBXProject;
			attributes = {
				BuildIndependentTargetsInParallel = 1;
				LastSwiftUpdateCheck = 1340;
				LastUpgradeCheck = 1340;
				TargetAttributes = {
					C5AD2CE128E3147A00146C61 = {
						CreatedOnToolsVersion = 13.4.1;
					};
				};
			};
			buildConfigurationList = C5AD2CDD28E3147A00146C61 /* Build configuration list for PBXProject "Milestone10-12UserFrieends" */;
			compatibilityVersion = "Xcode 13.0";
			developmentRegion = en;
			hasScannedForEncodings = 0;
			knownRegions = (
				en,
				Base,
			);
			mainGroup = C5AD2CD928E3147A00146C61;
			productRefGroup = C5AD2CE328E3147A00146C61 /* Products */;
			projectDirPath = "";
			projectRoot = "";
			targets = (
				C5AD2CE128E3147A00146C61 /* Milestone10-12UserFrieends */,
			);
		};
/* End PBXProject section */

/* Begin PBXResourcesBuildPhase section */
		C5AD2CE028E3147A00146C61 /* Resources */ = {
			isa = PBXResourcesBuildPhase;
			buildActionMask = 2147483647;
			files = (
				C5AD2CED28E3147C00146C61 /* Preview Assets.xcassets in Resources */,
				C5AD2CEA28E3147C00146C61 /* Assets.xcassets in Resources */,
			);
			runOnlyForDeploymentPostprocessing = 0;
		};
/* End PBXResourcesBuildPhase section */

/* Begin PBXSourcesBuildPhase section */
		C5AD2CDE28E3147A00146C61 /* Sources */ = {
			isa = PBXSourcesBuildPhase;
			buildActionMask = 2147483647;
			files = (
				C5AD2CE828E3147A00146C61 /* ContentView.swift in Sources */,
				C5AD2CE628E3147A00146C61 /* Milestone10_12UserFrieendsApp.swift in Sources */,
				C5AD2CF428E315D900146C61 /* User.swift in Sources */,
				C5AD2CFC28E334A900146C61 /* Friends.swift in Sources */,
				C5AD2CFA28E326A400146C61 /* DetailView.swift in Sources */,
			);
			runOnlyForDeploymentPostprocessing = 0;
		};
/* End PBXSourcesBuildPhase section */

/* Begin XCBuildConfiguration section */
		C5AD2CEE28E3147C00146C61 /* Debug */ = {
			isa = XCBuildConfiguration;
			buildSettings = {
				ALWAYS_SEARCH_USER_PATHS = NO;
				CLANG_ANALYZER_NONNULL = YES;
				CLANG_ANALYZER_NUMBER_OBJECT_CONVERSION = YES_AGGRESSIVE;
				CLANG_CXX_LANGUAGE_STANDARD = "gnu++17";
				CLANG_ENABLE_MODULES = YES;
				CLANG_ENABLE_OBJC_ARC = YES;
				CLANG_ENABLE_OBJC_WEAK = YES;
				CLANG_WARN_BLOCK_CAPTURE_AUTORELEASING = YES;
				CLANG_WARN_BOOL_CONVERSION = YES;
				CLANG_WARN_COMMA = YES;
				CLANG_WARN_CONSTANT_CONVERSION = YES;
				CLANG_WARN_DEPRECATED_OBJC_IMPLEMENTATIONS = YES;
				CLANG_WARN_DIRECT_OBJC_ISA_USAGE = YES_ERROR;
				CLANG_WARN_DOCUMENTATION_COMMENTS = YES;
				CLANG_WARN_EMPTY_BODY = YES;
				CLANG_WARN_ENUM_CONVERSION = YES;
				CLANG_WARN_INFINITE_RECURSION = YES;
				CLANG_WARN_INT_CONVERSION = YES;
				CLANG_WARN_NON_LITERAL_NULL_CONVERSION = YES;
				CLANG_WARN_OBJC_IMPLICIT_RETAIN_SELF = YES;
				CLANG_WARN_OBJC_LITERAL_CONVERSION = YES;
				CLANG_WARN_OBJC_ROOT_CLASS = YES_ERROR;
				CLANG_WARN_QUOTED_INCLUDE_IN_FRAMEWORK_HEADER = YES;
				CLANG_WARN_RANGE_LOOP_ANALYSIS = YES;
				CLANG_WARN_STRICT_PROTOTYPES = YES;
				CLANG_WARN_SUSPICIOUS_MOVE = YES;
				CLANG_WARN_UNGUARDED_AVAILABILITY = YES_AGGRESSIVE;
				CLANG_WARN_UNREACHABLE_CODE = YES;
				CLANG_WARN__DUPLICATE_METHOD_MATCH = YES;
				COPY_PHASE_STRIP = NO;
				DEBUG_INFORMATION_FORMAT = dwarf;
				ENABLE_STRICT_OBJC_MSGSEND = YES;
				ENABLE_TESTABILITY = YES;
				GCC_C_LANGUAGE_STANDARD = gnu11;
				GCC_DYNAMIC_NO_PIC = NO;
				GCC_NO_COMMON_BLOCKS = YES;
				GCC_OPTIMIZATION_LEVEL = 0;
				GCC_PREPROCESSOR_DEFINITIONS = (
					"DEBUG=1",
					"$(inherited)",
				);
				GCC_WARN_64_TO_32_BIT_CONVERSION = YES;
				GCC_WARN_ABOUT_RETURN_TYPE = YES_ERROR;
				GCC_WARN_UNDECLARED_SELECTOR = YES;
				GCC_WARN_UNINITIALIZED_AUTOS = YES_AGGRESSIVE;
				GCC_WARN_UNUSED_FUNCTION = YES;
				GCC_WARN_UNUSED_VARIABLE = YES;
				IPHONEOS_DEPLOYMENT_TARGET = 15.5;
				MTL_ENABLE_DEBUG_INFO = INCLUDE_SOURCE;
				MTL_FAST_MATH = YES;
				ONLY_ACTIVE_ARCH = YES;
				SDKROOT = iphoneos;
				SWIFT_ACTIVE_COMPILATION_CONDITIONS = DEBUG;
				SWIFT_OPTIMIZATION_LEVEL = "-Onone";
			};
			name = Debug;
		};
		C5AD2CEF28E3147C00146C61 /* Release */ = {
			isa = XCBuildConfiguration;
			buildSettings = {
				ALWAYS_SEARCH_USER_PATHS = NO;
				CLANG_ANALYZER_NONNULL = YES;
				CLANG_ANALYZER_NUMBER_OBJECT_CONVERSION = YES_AGGRESSIVE;
				CLANG_CXX_LANGUAGE_STANDARD = "gnu++17";
				CLANG_ENABLE_MODULES = YES;
				CLANG_ENABLE_OBJC_ARC = YES;
				CLANG_ENABLE_OBJC_WEAK = YES;
				CLANG_WARN_BLOCK_CAPTURE_AUTORELEASING = YES;
				CLANG_WARN_BOOL_CONVERSION = YES;
				CLANG_WARN_COMMA = YES;
				CLANG_WARN_CONSTANT_CONVERSION = YES;
				CLANG_WARN_DEPRECATED_OBJC_IMPLEMENTATIONS = YES;
				CLANG_WARN_DIRECT_OBJC_ISA_USAGE = YES_ERROR;
				CLANG_WARN_DOCUMENTATION_COMMENTS = YES;
				CLANG_WARN_EMPTY_BODY = YES;
				CLANG_WARN_ENUM_CONVERSION = YES;
				CLANG_WARN_INFINITE_RECURSION = YES;
				CLANG_WARN_INT_CONVERSION = YES;
				CLANG_WARN_NON_LITERAL_NULL_CONVERSION = YES;
				CLANG_WARN_OBJC_IMPLICIT_RETAIN_SELF = YES;
				CLANG_WARN_OBJC_LITERAL_CONVERSION = YES;
				CLANG_WARN_OBJC_ROOT_CLASS = YES_ERROR;
				CLANG_WARN_QUOTED_INCLUDE_IN_FRAMEWORK_HEADER = YES;
				CLANG_WARN_RANGE_LOOP_ANALYSIS = YES;
				CLANG_WARN_STRICT_PROTOTYPES = YES;
				CLANG_WARN_SUSPICIOUS_MOVE = YES;
				CLANG_WARN_UNGUARDED_AVAILABILITY = YES_AGGRESSIVE;
				CLANG_WARN_UNREACHABLE_CODE = YES;
				CLANG_WARN__DUPLICATE_METHOD_MATCH = YES;
				COPY_PHASE_STRIP = NO;
				DEBUG_INFORMATION_FORMAT = "dwarf-with-dsym";
				ENABLE_NS_ASSERTIONS = NO;
				ENABLE_STRICT_OBJC_MSGSEND = YES;
				GCC_C_LANGUAGE_STANDARD = gnu11;
				GCC_NO_COMMON_BLOCKS = YES;
				GCC_WARN_64_TO_32_BIT_CONVERSION = YES;
				GCC_WARN_ABOUT_RETURN_TYPE = YES_ERROR;
				GCC_WARN_UNDECLARED_SELECTOR = YES;
				GCC_WARN_UNINITIALIZED_AUTOS = YES_AGGRESSIVE;
				GCC_WARN_UNUSED_FUNCTION = YES;
				GCC_WARN_UNUSED_VARIABLE = YES;
				IPHONEOS_DEPLOYMENT_TARGET = 15.5;
				MTL_ENABLE_DEBUG_INFO = NO;
				MTL_FAST_MATH = YES;
				SDKROOT = iphoneos;
				SWIFT_COMPILATION_MODE = wholemodule;
				SWIFT_OPTIMIZATION_LEVEL = "-O";
				VALIDATE_PRODUCT = YES;
			};
			name = Release;
		};
		C5AD2CF128E3147C00146C61 /* Debug */ = {
			isa = XCBuildConfiguration;
			buildSettings = {
				ASSETCATALOG_COMPILER_APPICON_NAME = AppIcon;
				ASSETCATALOG_COMPILER_GLOBAL_ACCENT_COLOR_NAME = AccentColor;
				CODE_SIGN_STYLE = Automatic;
				CURRENT_PROJECT_VERSION = 1;
				DEVELOPMENT_ASSET_PATHS = "\"Milestone10-12UserFrieends/Preview Content\"";
				DEVELOPMENT_TEAM = ACST29WRU8;
				ENABLE_PREVIEWS = YES;
				GENERATE_INFOPLIST_FILE = YES;
				INFOPLIST_KEY_UIApplicationSceneManifest_Generation = YES;
				INFOPLIST_KEY_UIApplicationSupportsIndirectInputEvents = YES;
				INFOPLIST_KEY_UILaunchScreen_Generation = YES;
				INFOPLIST_KEY_UISupportedInterfaceOrientations_iPad = "UIInterfaceOrientationPortrait UIInterfaceOrientationPortraitUpsideDown UIInterfaceOrientationLandscapeLeft UIInterfaceOrientationLandscapeRight";
				INFOPLIST_KEY_UISupportedInterfaceOrientations_iPhone = "UIInterfaceOrientationPortrait UIInterfaceOrientationLandscapeLeft UIInterfaceOrientationLandscapeRight";
				LD_RUNPATH_SEARCH_PATHS = (
					"$(inherited)",
					"@executable_path/Frameworks",
				);
				MARKETING_VERSION = 1.0;
				PRODUCT_BUNDLE_IDENTIFIER = "com.Miran.Milestone10-12UserFrieends";
				PRODUCT_NAME = "$(TARGET_NAME)";
				SWIFT_EMIT_LOC_STRINGS = YES;
				SWIFT_VERSION = 5.0;
				TARGETED_DEVICE_FAMILY = "1,2";
			};
			name = Debug;
		};
		C5AD2CF228E3147C00146C61 /* Release */ = {
			isa = XCBuildConfiguration;
			buildSettings = {
				ASSETCATALOG_COMPILER_APPICON_NAME = AppIcon;
				ASSETCATALOG_COMPILER_GLOBAL_ACCENT_COLOR_NAME = AccentColor;
				CODE_SIGN_STYLE = Automatic;
				CURRENT_PROJECT_VERSION = 1;
				DEVELOPMENT_ASSET_PATHS = "\"Milestone10-12UserFrieends/Preview Content\"";
				DEVELOPMENT_TEAM = ACST29WRU8;
				ENABLE_PREVIEWS = YES;
				GENERATE_INFOPLIST_FILE = YES;
				INFOPLIST_KEY_UIApplicationSceneManifest_Generation = YES;
				INFOPLIST_KEY_UIApplicationSupportsIndirectInputEvents = YES;
				INFOPLIST_KEY_UILaunchScreen_Generation = YES;
				INFOPLIST_KEY_UISupportedInterfaceOrientations_iPad = "UIInterfaceOrientationPortrait UIInterfaceOrientationPortraitUpsideDown UIInterfaceOrientationLandscapeLeft UIInterfaceOrientationLandscapeRight";
				INFOPLIST_KEY_UISupportedInterfaceOrientations_iPhone = "UIInterfaceOrientationPortrait UIInterfaceOrientationLandscapeLeft UIInterfaceOrientationLandscapeRight";
				LD_RUNPATH_SEARCH_PATHS = (
					"$(inherited)",
					"@executable_path/Frameworks",
				);
				MARKETING_VERSION = 1.0;
				PRODUCT_BUNDLE_IDENTIFIER = "com.Miran.Milestone10-12UserFrieends";
				PRODUCT_NAME = "$(TARGET_NAME)";
				SWIFT_EMIT_LOC_STRINGS = YES;
				SWIFT_VERSION = 5.0;
				TARGETED_DEVICE_FAMILY = "1,2";
			};
			name = Release;
		};
/* End XCBuildConfiguration section */

/* Begin XCConfigurationList section */
		C5AD2CDD28E3147A00146C61 /* Build configuration list for PBXProject "Milestone10-12UserFrieends" */ = {
			isa = XCConfigurationList;
			buildConfigurations = (
				C5AD2CEE28E3147C00146C61 /* Debug */,
				C5AD2CEF28E3147C00146C61 /* Release */,
			);
			defaultConfigurationIsVisible = 0;
			defaultConfigurationName = Release;
		};
		C5AD2CF028E3147C00146C61 /* Build configuration list for PBXNativeTarget "Milestone10-12UserFrieends" */ = {
			isa = XCConfigurationList;
			buildConfigurations = (
				C5AD2CF128E3147C00146C61 /* Debug */,
				C5AD2CF228E3147C00146C61 /* Release */,
			);
			defaultConfigurationIsVisible = 0;
			defaultConfigurationName = Release;
		};
/* End XCConfigurationList section */
	};
	rootObject = C5AD2CDA28E3147A00146C61 /* Project object */;
}
