// !$*UTF8*$!
{
	archiveVersion = 1;
	classes = {
	};
	objectVersion = 55;
	objects = {

/* Begin PBXBuildFile section */
		C58F56D528D4727800D41614 /* Project11BookWormApp.swift in Sources */ = {isa = PBXBuildFile; fileRef = C58F56D428D4727800D41614 /* Project11BookWormApp.swift */; };
		C58F56D728D4727800D41614 /* ContentView.swift in Sources */ = {isa = PBXBuildFile; fileRef = C58F56D628D4727800D41614 /* ContentView.swift */; };
		C58F56D928D4727900D41614 /* Assets.xcassets in Resources */ = {isa = PBXBuildFile; fileRef = C58F56D828D4727900D41614 /* Assets.xcassets */; };
		C58F56DC28D4727900D41614 /* Preview Assets.xcassets in Resources */ = {isa = PBXBuildFile; fileRef = C58F56DB28D4727900D41614 /* Preview Assets.xcassets */; };
		C58F56E428D472A400D41614 /* Bookworm.xcdatamodeld in Sources */ = {isa = PBXBuildFile; fileRef = C58F56E228D472A400D41614 /* Bookworm.xcdatamodeld */; };
		C58F56E628D473D300D41614 /* DataController.swift in Sources */ = {isa = PBXBuildFile; fileRef = C58F56E528D473D300D41614 /* DataController.swift */; };
		C58F56E828D4745400D41614 /* AddBookView.swift in Sources */ = {isa = PBXBuildFile; fileRef = C58F56E728D4745400D41614 /* AddBookView.swift */; };
		C58F56EA28D4794000D41614 /* RatingView.swift in Sources */ = {isa = PBXBuildFile; fileRef = C58F56E928D4794000D41614 /* RatingView.swift */; };
		C58F56EC28D47C0C00D41614 /* EmojiRatingView.swift in Sources */ = {isa = PBXBuildFile; fileRef = C58F56EB28D47C0C00D41614 /* EmojiRatingView.swift */; };
		C58F56EE28D47FBB00D41614 /* DetailView.swift in Sources */ = {isa = PBXBuildFile; fileRef = C58F56ED28D47FBB00D41614 /* DetailView.swift */; };
/* End PBXBuildFile section */

/* Begin PBXFileReference section */
		C58F56D128D4727800D41614 /* Project11BookWorm.app */ = {isa = PBXFileReference; explicitFileType = wrapper.application; includeInIndex = 0; path = Project11BookWorm.app; sourceTree = BUILT_PRODUCTS_DIR; };
		C58F56D428D4727800D41614 /* Project11BookWormApp.swift */ = {isa = PBXFileReference; lastKnownFileType = sourcecode.swift; path = Project11BookWormApp.swift; sourceTree = "<group>"; };
		C58F56D628D4727800D41614 /* ContentView.swift */ = {isa = PBXFileReference; lastKnownFileType = sourcecode.swift; path = ContentView.swift; sourceTree = "<group>"; };
		C58F56D828D4727900D41614 /* Assets.xcassets */ = {isa = PBXFileReference; lastKnownFileType = folder.assetcatalog; path = Assets.xcassets; sourceTree = "<group>"; };
		C58F56DB28D4727900D41614 /* Preview Assets.xcassets */ = {isa = PBXFileReference; lastKnownFileType = folder.assetcatalog; path = "Preview Assets.xcassets"; sourceTree = "<group>"; };
		C58F56E328D472A400D41614 /* Bookworm.xcdatamodel */ = {isa = PBXFileReference; lastKnownFileType = wrapper.xcdatamodel; path = Bookworm.xcdatamodel; sourceTree = "<group>"; };
		C58F56E528D473D300D41614 /* DataController.swift */ = {isa = PBXFileReference; lastKnownFileType = sourcecode.swift; path = DataController.swift; sourceTree = "<group>"; };
		C58F56E728D4745400D41614 /* AddBookView.swift */ = {isa = PBXFileReference; lastKnownFileType = sourcecode.swift; path = AddBookView.swift; sourceTree = "<group>"; };
		C58F56E928D4794000D41614 /* RatingView.swift */ = {isa = PBXFileReference; lastKnownFileType = sourcecode.swift; path = RatingView.swift; sourceTree = "<group>"; };
		C58F56EB28D47C0C00D41614 /* EmojiRatingView.swift */ = {isa = PBXFileReference; lastKnownFileType = sourcecode.swift; path = EmojiRatingView.swift; sourceTree = "<group>"; };
		C58F56ED28D47FBB00D41614 /* DetailView.swift */ = {isa = PBXFileReference; lastKnownFileType = sourcecode.swift; path = DetailView.swift; sourceTree = "<group>"; };
/* End PBXFileReference section */

/* Begin PBXFrameworksBuildPhase section */
		C58F56CE28D4727800D41614 /* Frameworks */ = {
			isa = PBXFrameworksBuildPhase;
			buildActionMask = 2147483647;
			files = (
			);
			runOnlyForDeploymentPostprocessing = 0;
		};
/* End PBXFrameworksBuildPhase section */

/* Begin PBXGroup section */
		C58F56C828D4727800D41614 = {
			isa = PBXGroup;
			children = (
				C58F56D328D4727800D41614 /* Project11BookWorm */,
				C58F56D228D4727800D41614 /* Products */,
			);
			sourceTree = "<group>";
		};
		C58F56D228D4727800D41614 /* Products */ = {
			isa = PBXGroup;
			children = (
				C58F56D128D4727800D41614 /* Project11BookWorm.app */,
			);
			name = Products;
			sourceTree = "<group>";
		};
		C58F56D328D4727800D41614 /* Project11BookWorm */ = {
			isa = PBXGroup;
			children = (
				C58F56D428D4727800D41614 /* Project11BookWormApp.swift */,
				C58F56E528D473D300D41614 /* DataController.swift */,
				C58F56E728D4745400D41614 /* AddBookView.swift */,
				C58F56E928D4794000D41614 /* RatingView.swift */,
				C58F56D628D4727800D41614 /* ContentView.swift */,
				C58F56EB28D47C0C00D41614 /* EmojiRatingView.swift */,
				C58F56ED28D47FBB00D41614 /* DetailView.swift */,
				C58F56E228D472A400D41614 /* Bookworm.xcdatamodeld */,
				C58F56D828D4727900D41614 /* Assets.xcassets */,
				C58F56DA28D4727900D41614 /* Preview Content */,
			);
			path = Project11BookWorm;
			sourceTree = "<group>";
		};
		C58F56DA28D4727900D41614 /* Preview Content */ = {
			isa = PBXGroup;
			children = (
				C58F56DB28D4727900D41614 /* Preview Assets.xcassets */,
			);
			path = "Preview Content";
			sourceTree = "<group>";
		};
/* End PBXGroup section */

/* Begin PBXNativeTarget section */
		C58F56D028D4727800D41614 /* Project11BookWorm */ = {
			isa = PBXNativeTarget;
			buildConfigurationList = C58F56DF28D4727900D41614 /* Build configuration list for PBXNativeTarget "Project11BookWorm" */;
			buildPhases = (
				C58F56CD28D4727800D41614 /* Sources */,
				C58F56CE28D4727800D41614 /* Frameworks */,
				C58F56CF28D4727800D41614 /* Resources */,
			);
			buildRules = (
			);
			dependencies = (
			);
			name = Project11BookWorm;
			productName = Project11BookWorm;
			productReference = C58F56D128D4727800D41614 /* Project11BookWorm.app */;
			productType = "com.apple.product-type.application";
		};
/* End PBXNativeTarget section */

/* Begin PBXProject section */
		C58F56C928D4727800D41614 /* Project object */ = {
			isa = PBXProject;
			attributes = {
				BuildIndependentTargetsInParallel = 1;
				LastSwiftUpdateCheck = 1340;
				LastUpgradeCheck = 1340;
				TargetAttributes = {
					C58F56D028D4727800D41614 = {
						CreatedOnToolsVersion = 13.4.1;
					};
				};
			};
			buildConfigurationList = C58F56CC28D4727800D41614 /* Build configuration list for PBXProject "Project11BookWorm" */;
			compatibilityVersion = "Xcode 13.0";
			developmentRegion = en;
			hasScannedForEncodings = 0;
			knownRegions = (
				en,
				Base,
			);
			mainGroup = C58F56C828D4727800D41614;
			productRefGroup = C58F56D228D4727800D41614 /* Products */;
			projectDirPath = "";
			projectRoot = "";
			targets = (
				C58F56D028D4727800D41614 /* Project11BookWorm */,
			);
		};
/* End PBXProject section */

/* Begin PBXResourcesBuildPhase section */
		C58F56CF28D4727800D41614 /* Resources */ = {
			isa = PBXResourcesBuildPhase;
			buildActionMask = 2147483647;
			files = (
				C58F56DC28D4727900D41614 /* Preview Assets.xcassets in Resources */,
				C58F56D928D4727900D41614 /* Assets.xcassets in Resources */,
			);
			runOnlyForDeploymentPostprocessing = 0;
		};
/* End PBXResourcesBuildPhase section */

/* Begin PBXSourcesBuildPhase section */
		C58F56CD28D4727800D41614 /* Sources */ = {
			isa = PBXSourcesBuildPhase;
			buildActionMask = 2147483647;
			files = (
				C58F56D728D4727800D41614 /* ContentView.swift in Sources */,
				C58F56EE28D47FBB00D41614 /* DetailView.swift in Sources */,
				C58F56E628D473D300D41614 /* DataController.swift in Sources */,
				C58F56EC28D47C0C00D41614 /* EmojiRatingView.swift in Sources */,
				C58F56E428D472A400D41614 /* Bookworm.xcdatamodeld in Sources */,
				C58F56EA28D4794000D41614 /* RatingView.swift in Sources */,
				C58F56D528D4727800D41614 /* Project11BookWormApp.swift in Sources */,
				C58F56E828D4745400D41614 /* AddBookView.swift in Sources */,
			);
			runOnlyForDeploymentPostprocessing = 0;
		};
/* End PBXSourcesBuildPhase section */

/* Begin XCBuildConfiguration section */
		C58F56DD28D4727900D41614 /* Debug */ = {
			isa = XCBuildConfiguration;
			buildSettings = {
				ALWAYS_SEARCH_USER_PATHS = NO;
				CLANG_ANALYZER_NONNULL = YES;
				CLANG_ANALYZER_NUMBER_OBJECT_CONVERSION = YES_AGGRESSIVE;
				CLANG_CXX_LANGUAGE_STANDARD = "gnu++17";
				CLANG_ENABLE_MODULES = YES;
				CLANG_ENABLE_OBJC_ARC = YES;
				CLANG_ENABLE_OBJC_WEAK = YES;
				CLANG_WARN_BLOCK_CAPTURE_AUTORELEASING = YES;
				CLANG_WARN_BOOL_CONVERSION = YES;
				CLANG_WARN_COMMA = YES;
				CLANG_WARN_CONSTANT_CONVERSION = YES;
				CLANG_WARN_DEPRECATED_OBJC_IMPLEMENTATIONS = YES;
				CLANG_WARN_DIRECT_OBJC_ISA_USAGE = YES_ERROR;
				CLANG_WARN_DOCUMENTATION_COMMENTS = YES;
				CLANG_WARN_EMPTY_BODY = YES;
				CLANG_WARN_ENUM_CONVERSION = YES;
				CLANG_WARN_INFINITE_RECURSION = YES;
				CLANG_WARN_INT_CONVERSION = YES;
				CLANG_WARN_NON_LITERAL_NULL_CONVERSION = YES;
				CLANG_WARN_OBJC_IMPLICIT_RETAIN_SELF = YES;
				CLANG_WARN_OBJC_LITERAL_CONVERSION = YES;
				CLANG_WARN_OBJC_ROOT_CLASS = YES_ERROR;
				CLANG_WARN_QUOTED_INCLUDE_IN_FRAMEWORK_HEADER = YES;
				CLANG_WARN_RANGE_LOOP_ANALYSIS = YES;
				CLANG_WARN_STRICT_PROTOTYPES = YES;
				CLANG_WARN_SUSPICIOUS_MOVE = YES;
				CLANG_WARN_UNGUARDED_AVAILABILITY = YES_AGGRESSIVE;
				CLANG_WARN_UNREACHABLE_CODE = YES;
				CLANG_WARN__DUPLICATE_METHOD_MATCH = YES;
				COPY_PHASE_STRIP = NO;
				DEBUG_INFORMATION_FORMAT = dwarf;
				ENABLE_STRICT_OBJC_MSGSEND = YES;
				ENABLE_TESTABILITY = YES;
				GCC_C_LANGUAGE_STANDARD = gnu11;
				GCC_DYNAMIC_NO_PIC = NO;
				GCC_NO_COMMON_BLOCKS = YES;
				GCC_OPTIMIZATION_LEVEL = 0;
				GCC_PREPROCESSOR_DEFINITIONS = (
					"DEBUG=1",
					"$(inherited)",
				);
				GCC_WARN_64_TO_32_BIT_CONVERSION = YES;
				GCC_WARN_ABOUT_RETURN_TYPE = YES_ERROR;
				GCC_WARN_UNDECLARED_SELECTOR = YES;
				GCC_WARN_UNINITIALIZED_AUTOS = YES_AGGRESSIVE;
				GCC_WARN_UNUSED_FUNCTION = YES;
				GCC_WARN_UNUSED_VARIABLE = YES;
				IPHONEOS_DEPLOYMENT_TARGET = 15.5;
				MTL_ENABLE_DEBUG_INFO = INCLUDE_SOURCE;
				MTL_FAST_MATH = YES;
				ONLY_ACTIVE_ARCH = YES;
				SDKROOT = iphoneos;
				SWIFT_ACTIVE_COMPILATION_CONDITIONS = DEBUG;
				SWIFT_OPTIMIZATION_LEVEL = "-Onone";
			};
			name = Debug;
		};
		C58F56DE28D4727900D41614 /* Release */ = {
			isa = XCBuildConfiguration;
			buildSettings = {
				ALWAYS_SEARCH_USER_PATHS = NO;
				CLANG_ANALYZER_NONNULL = YES;
				CLANG_ANALYZER_NUMBER_OBJECT_CONVERSION = YES_AGGRESSIVE;
				CLANG_CXX_LANGUAGE_STANDARD = "gnu++17";
				CLANG_ENABLE_MODULES = YES;
				CLANG_ENABLE_OBJC_ARC = YES;
				CLANG_ENABLE_OBJC_WEAK = YES;
				CLANG_WARN_BLOCK_CAPTURE_AUTORELEASING = YES;
				CLANG_WARN_BOOL_CONVERSION = YES;
				CLANG_WARN_COMMA = YES;
				CLANG_WARN_CONSTANT_CONVERSION = YES;
				CLANG_WARN_DEPRECATED_OBJC_IMPLEMENTATIONS = YES;
				CLANG_WARN_DIRECT_OBJC_ISA_USAGE = YES_ERROR;
				CLANG_WARN_DOCUMENTATION_COMMENTS = YES;
				CLANG_WARN_EMPTY_BODY = YES;
				CLANG_WARN_ENUM_CONVERSION = YES;
				CLANG_WARN_INFINITE_RECURSION = YES;
				CLANG_WARN_INT_CONVERSION = YES;
				CLANG_WARN_NON_LITERAL_NULL_CONVERSION = YES;
				CLANG_WARN_OBJC_IMPLICIT_RETAIN_SELF = YES;
				CLANG_WARN_OBJC_LITERAL_CONVERSION = YES;
				CLANG_WARN_OBJC_ROOT_CLASS = YES_ERROR;
				CLANG_WARN_QUOTED_INCLUDE_IN_FRAMEWORK_HEADER = YES;
				CLANG_WARN_RANGE_LOOP_ANALYSIS = YES;
				CLANG_WARN_STRICT_PROTOTYPES = YES;
				CLANG_WARN_SUSPICIOUS_MOVE = YES;
				CLANG_WARN_UNGUARDED_AVAILABILITY = YES_AGGRESSIVE;
				CLANG_WARN_UNREACHABLE_CODE = YES;
				CLANG_WARN__DUPLICATE_METHOD_MATCH = YES;
				COPY_PHASE_STRIP = NO;
				DEBUG_INFORMATION_FORMAT = "dwarf-with-dsym";
				ENABLE_NS_ASSERTIONS = NO;
				ENABLE_STRICT_OBJC_MSGSEND = YES;
				GCC_C_LANGUAGE_STANDARD = gnu11;
				GCC_NO_COMMON_BLOCKS = YES;
				GCC_WARN_64_TO_32_BIT_CONVERSION = YES;
				GCC_WARN_ABOUT_RETURN_TYPE = YES_ERROR;
				GCC_WARN_UNDECLARED_SELECTOR = YES;
				GCC_WARN_UNINITIALIZED_AUTOS = YES_AGGRESSIVE;
				GCC_WARN_UNUSED_FUNCTION = YES;
				GCC_WARN_UNUSED_VARIABLE = YES;
				IPHONEOS_DEPLOYMENT_TARGET = 15.5;
				MTL_ENABLE_DEBUG_INFO = NO;
				MTL_FAST_MATH = YES;
				SDKROOT = iphoneos;
				SWIFT_COMPILATION_MODE = wholemodule;
				SWIFT_OPTIMIZATION_LEVEL = "-O";
				VALIDATE_PRODUCT = YES;
			};
			name = Release;
		};
		C58F56E028D4727900D41614 /* Debug */ = {
			isa = XCBuildConfiguration;
			buildSettings = {
				ASSETCATALOG_COMPILER_APPICON_NAME = AppIcon;
				ASSETCATALOG_COMPILER_GLOBAL_ACCENT_COLOR_NAME = AccentColor;
				CODE_SIGN_STYLE = Automatic;
				CURRENT_PROJECT_VERSION = 1;
				DEVELOPMENT_ASSET_PATHS = "\"Project11BookWorm/Preview Content\"";
				DEVELOPMENT_TEAM = ACST29WRU8;
				ENABLE_PREVIEWS = YES;
				GENERATE_INFOPLIST_FILE = YES;
				INFOPLIST_KEY_UIApplicationSceneManifest_Generation = YES;
				INFOPLIST_KEY_UIApplicationSupportsIndirectInputEvents = YES;
				INFOPLIST_KEY_UILaunchScreen_Generation = YES;
				INFOPLIST_KEY_UISupportedInterfaceOrientations_iPad = "UIInterfaceOrientationPortrait UIInterfaceOrientationPortraitUpsideDown UIInterfaceOrientationLandscapeLeft UIInterfaceOrientationLandscapeRight";
				INFOPLIST_KEY_UISupportedInterfaceOrientations_iPhone = "UIInterfaceOrientationPortrait UIInterfaceOrientationLandscapeLeft UIInterfaceOrientationLandscapeRight";
				LD_RUNPATH_SEARCH_PATHS = (
					"$(inherited)",
					"@executable_path/Frameworks",
				);
				MARKETING_VERSION = 1.0;
				PRODUCT_BUNDLE_IDENTIFIER = com.Miran.Project11BookWorm;
				PRODUCT_NAME = "$(TARGET_NAME)";
				SWIFT_EMIT_LOC_STRINGS = YES;
				SWIFT_VERSION = 5.0;
				TARGETED_DEVICE_FAMILY = "1,2";
			};
			name = Debug;
		};
		C58F56E128D4727900D41614 /* Release */ = {
			isa = XCBuildConfiguration;
			buildSettings = {
				ASSETCATALOG_COMPILER_APPICON_NAME = AppIcon;
				ASSETCATALOG_COMPILER_GLOBAL_ACCENT_COLOR_NAME = AccentColor;
				CODE_SIGN_STYLE = Automatic;
				CURRENT_PROJECT_VERSION = 1;
				DEVELOPMENT_ASSET_PATHS = "\"Project11BookWorm/Preview Content\"";
				DEVELOPMENT_TEAM = ACST29WRU8;
				ENABLE_PREVIEWS = YES;
				GENERATE_INFOPLIST_FILE = YES;
				INFOPLIST_KEY_UIApplicationSceneManifest_Generation = YES;
				INFOPLIST_KEY_UIApplicationSupportsIndirectInputEvents = YES;
				INFOPLIST_KEY_UILaunchScreen_Generation = YES;
				INFOPLIST_KEY_UISupportedInterfaceOrientations_iPad = "UIInterfaceOrientationPortrait UIInterfaceOrientationPortraitUpsideDown UIInterfaceOrientationLandscapeLeft UIInterfaceOrientationLandscapeRight";
				INFOPLIST_KEY_UISupportedInterfaceOrientations_iPhone = "UIInterfaceOrientationPortrait UIInterfaceOrientationLandscapeLeft UIInterfaceOrientationLandscapeRight";
				LD_RUNPATH_SEARCH_PATHS = (
					"$(inherited)",
					"@executable_path/Frameworks",
				);
				MARKETING_VERSION = 1.0;
				PRODUCT_BUNDLE_IDENTIFIER = com.Miran.Project11BookWorm;
				PRODUCT_NAME = "$(TARGET_NAME)";
				SWIFT_EMIT_LOC_STRINGS = YES;
				SWIFT_VERSION = 5.0;
				TARGETED_DEVICE_FAMILY = "1,2";
			};
			name = Release;
		};
/* End XCBuildConfiguration section */

/* Begin XCConfigurationList section */
		C58F56CC28D4727800D41614 /* Build configuration list for PBXProject "Project11BookWorm" */ = {
			isa = XCConfigurationList;
			buildConfigurations = (
				C58F56DD28D4727900D41614 /* Debug */,
				C58F56DE28D4727900D41614 /* Release */,
			);
			defaultConfigurationIsVisible = 0;
			defaultConfigurationName = Release;
		};
		C58F56DF28D4727900D41614 /* Build configuration list for PBXNativeTarget "Project11BookWorm" */ = {
			isa = XCConfigurationList;
			buildConfigurations = (
				C58F56E028D4727900D41614 /* Debug */,
				C58F56E128D4727900D41614 /* Release */,
			);
			defaultConfigurationIsVisible = 0;
			defaultConfigurationName = Release;
		};
/* End XCConfigurationList section */

/* Begin XCVersionGroup section */
		C58F56E228D472A400D41614 /* Bookworm.xcdatamodeld */ = {
			isa = XCVersionGroup;
			children = (
				C58F56E328D472A400D41614 /* Bookworm.xcdatamodel */,
			);
			currentVersion = C58F56E328D472A400D41614 /* Bookworm.xcdatamodel */;
			path = Bookworm.xcdatamodeld;
			sourceTree = "<group>";
			versionGroupType = wrapper.xcdatamodel;
		};
/* End XCVersionGroup section */
	};
	rootObject = C58F56C928D4727800D41614 /* Project object */;
}
