// !$*UTF8*$!
{
	archiveVersion = 1;
	classes = {
	};
	objectVersion = 55;
	objects = {

/* Begin PBXBuildFile section */
		C59AC20728D08980006C79F5 /* Project8MoonshotApp.swift in Sources */ = {isa = PBXBuildFile; fileRef = C59AC20628D08980006C79F5 /* Project8MoonshotApp.swift */; };
		C59AC20928D08980006C79F5 /* ContentView.swift in Sources */ = {isa = PBXBuildFile; fileRef = C59AC20828D08980006C79F5 /* ContentView.swift */; };
		C59AC20B28D08983006C79F5 /* Assets.xcassets in Resources */ = {isa = PBXBuildFile; fileRef = C59AC20A28D08983006C79F5 /* Assets.xcassets */; };
		C59AC20E28D08983006C79F5 /* Preview Assets.xcassets in Resources */ = {isa = PBXBuildFile; fileRef = C59AC20D28D08983006C79F5 /* Preview Assets.xcassets */; };
		C59AC21628D09693006C79F5 /* astronauts.json in Resources */ = {isa = PBXBuildFile; fileRef = C59AC21428D09693006C79F5 /* astronauts.json */; };
		C59AC21728D09693006C79F5 /* missions.json in Resources */ = {isa = PBXBuildFile; fileRef = C59AC21528D09693006C79F5 /* missions.json */; };
		C59AC21928D09764006C79F5 /* Astronaut.swift in Sources */ = {isa = PBXBuildFile; fileRef = C59AC21828D09764006C79F5 /* Astronaut.swift */; };
		C59AC21B28D097ED006C79F5 /* Bundle-Decodable.swift in Sources */ = {isa = PBXBuildFile; fileRef = C59AC21A28D097ED006C79F5 /* Bundle-Decodable.swift */; };
		C59AC21D28D09A5F006C79F5 /* Mission.swift in Sources */ = {isa = PBXBuildFile; fileRef = C59AC21C28D09A5F006C79F5 /* Mission.swift */; };
		C59AC21F28D0A2E2006C79F5 /* Color-Theme.swift in Sources */ = {isa = PBXBuildFile; fileRef = C59AC21E28D0A2E2006C79F5 /* Color-Theme.swift */; };
		C59AC22128D0A593006C79F5 /* MissionView.swift in Sources */ = {isa = PBXBuildFile; fileRef = C59AC22028D0A593006C79F5 /* MissionView.swift */; };
		C59AC22328D0B0C7006C79F5 /* AstronautView.swift in Sources */ = {isa = PBXBuildFile; fileRef = C59AC22228D0B0C7006C79F5 /* AstronautView.swift */; };
/* End PBXBuildFile section */

/* Begin PBXFileReference section */
		C59AC20328D08980006C79F5 /* Project8Moonshot.app */ = {isa = PBXFileReference; explicitFileType = wrapper.application; includeInIndex = 0; path = Project8Moonshot.app; sourceTree = BUILT_PRODUCTS_DIR; };
		C59AC20628D08980006C79F5 /* Project8MoonshotApp.swift */ = {isa = PBXFileReference; lastKnownFileType = sourcecode.swift; path = Project8MoonshotApp.swift; sourceTree = "<group>"; };
		C59AC20828D08980006C79F5 /* ContentView.swift */ = {isa = PBXFileReference; lastKnownFileType = sourcecode.swift; path = ContentView.swift; sourceTree = "<group>"; };
		C59AC20A28D08983006C79F5 /* Assets.xcassets */ = {isa = PBXFileReference; lastKnownFileType = folder.assetcatalog; path = Assets.xcassets; sourceTree = "<group>"; };
		C59AC20D28D08983006C79F5 /* Preview Assets.xcassets */ = {isa = PBXFileReference; lastKnownFileType = folder.assetcatalog; path = "Preview Assets.xcassets"; sourceTree = "<group>"; };
		C59AC21428D09693006C79F5 /* astronauts.json */ = {isa = PBXFileReference; fileEncoding = 4; lastKnownFileType = text.json; path = astronauts.json; sourceTree = "<group>"; };
		C59AC21528D09693006C79F5 /* missions.json */ = {isa = PBXFileReference; fileEncoding = 4; lastKnownFileType = text.json; path = missions.json; sourceTree = "<group>"; };
		C59AC21828D09764006C79F5 /* Astronaut.swift */ = {isa = PBXFileReference; lastKnownFileType = sourcecode.swift; path = Astronaut.swift; sourceTree = "<group>"; };
		C59AC21A28D097ED006C79F5 /* Bundle-Decodable.swift */ = {isa = PBXFileReference; lastKnownFileType = sourcecode.swift; path = "Bundle-Decodable.swift"; sourceTree = "<group>"; };
		C59AC21C28D09A5F006C79F5 /* Mission.swift */ = {isa = PBXFileReference; lastKnownFileType = sourcecode.swift; path = Mission.swift; sourceTree = "<group>"; };
		C59AC21E28D0A2E2006C79F5 /* Color-Theme.swift */ = {isa = PBXFileReference; lastKnownFileType = sourcecode.swift; path = "Color-Theme.swift"; sourceTree = "<group>"; };
		C59AC22028D0A593006C79F5 /* MissionView.swift */ = {isa = PBXFileReference; lastKnownFileType = sourcecode.swift; path = MissionView.swift; sourceTree = "<group>"; };
		C59AC22228D0B0C7006C79F5 /* AstronautView.swift */ = {isa = PBXFileReference; lastKnownFileType = sourcecode.swift; path = AstronautView.swift; sourceTree = "<group>"; };
/* End PBXFileReference section */

/* Begin PBXFrameworksBuildPhase section */
		C59AC20028D0897F006C79F5 /* Frameworks */ = {
			isa = PBXFrameworksBuildPhase;
			buildActionMask = 2147483647;
			files = (
			);
			runOnlyForDeploymentPostprocessing = 0;
		};
/* End PBXFrameworksBuildPhase section */

/* Begin PBXGroup section */
		C59AC1FA28D0897F006C79F5 = {
			isa = PBXGroup;
			children = (
				C59AC20528D08980006C79F5 /* Project8Moonshot */,
				C59AC20428D08980006C79F5 /* Products */,
			);
			sourceTree = "<group>";
		};
		C59AC20428D08980006C79F5 /* Products */ = {
			isa = PBXGroup;
			children = (
				C59AC20328D08980006C79F5 /* Project8Moonshot.app */,
			);
			name = Products;
			sourceTree = "<group>";
		};
		C59AC20528D08980006C79F5 /* Project8Moonshot */ = {
			isa = PBXGroup;
			children = (
				C59AC20628D08980006C79F5 /* Project8MoonshotApp.swift */,
				C59AC20828D08980006C79F5 /* ContentView.swift */,
				C59AC22028D0A593006C79F5 /* MissionView.swift */,
				C59AC22228D0B0C7006C79F5 /* AstronautView.swift */,
				C59AC21828D09764006C79F5 /* Astronaut.swift */,
				C59AC21C28D09A5F006C79F5 /* Mission.swift */,
				C59AC21E28D0A2E2006C79F5 /* Color-Theme.swift */,
				C59AC21A28D097ED006C79F5 /* Bundle-Decodable.swift */,
				C59AC21428D09693006C79F5 /* astronauts.json */,
				C59AC21528D09693006C79F5 /* missions.json */,
				C59AC20A28D08983006C79F5 /* Assets.xcassets */,
				C59AC20C28D08983006C79F5 /* Preview Content */,
			);
			path = Project8Moonshot;
			sourceTree = "<group>";
		};
		C59AC20C28D08983006C79F5 /* Preview Content */ = {
			isa = PBXGroup;
			children = (
				C59AC20D28D08983006C79F5 /* Preview Assets.xcassets */,
			);
			path = "Preview Content";
			sourceTree = "<group>";
		};
/* End PBXGroup section */

/* Begin PBXNativeTarget section */
		C59AC20228D0897F006C79F5 /* Project8Moonshot */ = {
			isa = PBXNativeTarget;
			buildConfigurationList = C59AC21128D08983006C79F5 /* Build configuration list for PBXNativeTarget "Project8Moonshot" */;
			buildPhases = (
				C59AC1FF28D0897F006C79F5 /* Sources */,
				C59AC20028D0897F006C79F5 /* Frameworks */,
				C59AC20128D0897F006C79F5 /* Resources */,
			);
			buildRules = (
			);
			dependencies = (
			);
			name = Project8Moonshot;
			productName = Project8Moonshot;
			productReference = C59AC20328D08980006C79F5 /* Project8Moonshot.app */;
			productType = "com.apple.product-type.application";
		};
/* End PBXNativeTarget section */

/* Begin PBXProject section */
		C59AC1FB28D0897F006C79F5 /* Project object */ = {
			isa = PBXProject;
			attributes = {
				BuildIndependentTargetsInParallel = 1;
				LastSwiftUpdateCheck = 1340;
				LastUpgradeCheck = 1340;
				TargetAttributes = {
					C59AC20228D0897F006C79F5 = {
						CreatedOnToolsVersion = 13.4.1;
					};
				};
			};
			buildConfigurationList = C59AC1FE28D0897F006C79F5 /* Build configuration list for PBXProject "Project8Moonshot" */;
			compatibilityVersion = "Xcode 13.0";
			developmentRegion = en;
			hasScannedForEncodings = 0;
			knownRegions = (
				en,
				Base,
			);
			mainGroup = C59AC1FA28D0897F006C79F5;
			productRefGroup = C59AC20428D08980006C79F5 /* Products */;
			projectDirPath = "";
			projectRoot = "";
			targets = (
				C59AC20228D0897F006C79F5 /* Project8Moonshot */,
			);
		};
/* End PBXProject section */

/* Begin PBXResourcesBuildPhase section */
		C59AC20128D0897F006C79F5 /* Resources */ = {
			isa = PBXResourcesBuildPhase;
			buildActionMask = 2147483647;
			files = (
				C59AC21628D09693006C79F5 /* astronauts.json in Resources */,
				C59AC20E28D08983006C79F5 /* Preview Assets.xcassets in Resources */,
				C59AC21728D09693006C79F5 /* missions.json in Resources */,
				C59AC20B28D08983006C79F5 /* Assets.xcassets in Resources */,
			);
			runOnlyForDeploymentPostprocessing = 0;
		};
/* End PBXResourcesBuildPhase section */

/* Begin PBXSourcesBuildPhase section */
		C59AC1FF28D0897F006C79F5 /* Sources */ = {
			isa = PBXSourcesBuildPhase;
			buildActionMask = 2147483647;
			files = (
				C59AC22128D0A593006C79F5 /* MissionView.swift in Sources */,
				C59AC21928D09764006C79F5 /* Astronaut.swift in Sources */,
				C59AC22328D0B0C7006C79F5 /* AstronautView.swift in Sources */,
				C59AC21F28D0A2E2006C79F5 /* Color-Theme.swift in Sources */,
				C59AC20928D08980006C79F5 /* ContentView.swift in Sources */,
				C59AC20728D08980006C79F5 /* Project8MoonshotApp.swift in Sources */,
				C59AC21D28D09A5F006C79F5 /* Mission.swift in Sources */,
				C59AC21B28D097ED006C79F5 /* Bundle-Decodable.swift in Sources */,
			);
			runOnlyForDeploymentPostprocessing = 0;
		};
/* End PBXSourcesBuildPhase section */

/* Begin XCBuildConfiguration section */
		C59AC20F28D08983006C79F5 /* Debug */ = {
			isa = XCBuildConfiguration;
			buildSettings = {
				ALWAYS_SEARCH_USER_PATHS = NO;
				CLANG_ANALYZER_NONNULL = YES;
				CLANG_ANALYZER_NUMBER_OBJECT_CONVERSION = YES_AGGRESSIVE;
				CLANG_CXX_LANGUAGE_STANDARD = "gnu++17";
				CLANG_ENABLE_MODULES = YES;
				CLANG_ENABLE_OBJC_ARC = YES;
				CLANG_ENABLE_OBJC_WEAK = YES;
				CLANG_WARN_BLOCK_CAPTURE_AUTORELEASING = YES;
				CLANG_WARN_BOOL_CONVERSION = YES;
				CLANG_WARN_COMMA = YES;
				CLANG_WARN_CONSTANT_CONVERSION = YES;
				CLANG_WARN_DEPRECATED_OBJC_IMPLEMENTATIONS = YES;
				CLANG_WARN_DIRECT_OBJC_ISA_USAGE = YES_ERROR;
				CLANG_WARN_DOCUMENTATION_COMMENTS = YES;
				CLANG_WARN_EMPTY_BODY = YES;
				CLANG_WARN_ENUM_CONVERSION = YES;
				CLANG_WARN_INFINITE_RECURSION = YES;
				CLANG_WARN_INT_CONVERSION = YES;
				CLANG_WARN_NON_LITERAL_NULL_CONVERSION = YES;
				CLANG_WARN_OBJC_IMPLICIT_RETAIN_SELF = YES;
				CLANG_WARN_OBJC_LITERAL_CONVERSION = YES;
				CLANG_WARN_OBJC_ROOT_CLASS = YES_ERROR;
				CLANG_WARN_QUOTED_INCLUDE_IN_FRAMEWORK_HEADER = YES;
				CLANG_WARN_RANGE_LOOP_ANALYSIS = YES;
				CLANG_WARN_STRICT_PROTOTYPES = YES;
				CLANG_WARN_SUSPICIOUS_MOVE = YES;
				CLANG_WARN_UNGUARDED_AVAILABILITY = YES_AGGRESSIVE;
				CLANG_WARN_UNREACHABLE_CODE = YES;
				CLANG_WARN__DUPLICATE_METHOD_MATCH = YES;
				COPY_PHASE_STRIP = NO;
				DEBUG_INFORMATION_FORMAT = dwarf;
				ENABLE_STRICT_OBJC_MSGSEND = YES;
				ENABLE_TESTABILITY = YES;
				GCC_C_LANGUAGE_STANDARD = gnu11;
				GCC_DYNAMIC_NO_PIC = NO;
				GCC_NO_COMMON_BLOCKS = YES;
				GCC_OPTIMIZATION_LEVEL = 0;
				GCC_PREPROCESSOR_DEFINITIONS = (
					"DEBUG=1",
					"$(inherited)",
				);
				GCC_WARN_64_TO_32_BIT_CONVERSION = YES;
				GCC_WARN_ABOUT_RETURN_TYPE = YES_ERROR;
				GCC_WARN_UNDECLARED_SELECTOR = YES;
				GCC_WARN_UNINITIALIZED_AUTOS = YES_AGGRESSIVE;
				GCC_WARN_UNUSED_FUNCTION = YES;
				GCC_WARN_UNUSED_VARIABLE = YES;
				IPHONEOS_DEPLOYMENT_TARGET = 15.5;
				MTL_ENABLE_DEBUG_INFO = INCLUDE_SOURCE;
				MTL_FAST_MATH = YES;
				ONLY_ACTIVE_ARCH = YES;
				SDKROOT = iphoneos;
				SWIFT_ACTIVE_COMPILATION_CONDITIONS = DEBUG;
				SWIFT_OPTIMIZATION_LEVEL = "-Onone";
			};
			name = Debug;
		};
		C59AC21028D08983006C79F5 /* Release */ = {
			isa = XCBuildConfiguration;
			buildSettings = {
				ALWAYS_SEARCH_USER_PATHS = NO;
				CLANG_ANALYZER_NONNULL = YES;
				CLANG_ANALYZER_NUMBER_OBJECT_CONVERSION = YES_AGGRESSIVE;
				CLANG_CXX_LANGUAGE_STANDARD = "gnu++17";
				CLANG_ENABLE_MODULES = YES;
				CLANG_ENABLE_OBJC_ARC = YES;
				CLANG_ENABLE_OBJC_WEAK = YES;
				CLANG_WARN_BLOCK_CAPTURE_AUTORELEASING = YES;
				CLANG_WARN_BOOL_CONVERSION = YES;
				CLANG_WARN_COMMA = YES;
				CLANG_WARN_CONSTANT_CONVERSION = YES;
				CLANG_WARN_DEPRECATED_OBJC_IMPLEMENTATIONS = YES;
				CLANG_WARN_DIRECT_OBJC_ISA_USAGE = YES_ERROR;
				CLANG_WARN_DOCUMENTATION_COMMENTS = YES;
				CLANG_WARN_EMPTY_BODY = YES;
				CLANG_WARN_ENUM_CONVERSION = YES;
				CLANG_WARN_INFINITE_RECURSION = YES;
				CLANG_WARN_INT_CONVERSION = YES;
				CLANG_WARN_NON_LITERAL_NULL_CONVERSION = YES;
				CLANG_WARN_OBJC_IMPLICIT_RETAIN_SELF = YES;
				CLANG_WARN_OBJC_LITERAL_CONVERSION = YES;
				CLANG_WARN_OBJC_ROOT_CLASS = YES_ERROR;
				CLANG_WARN_QUOTED_INCLUDE_IN_FRAMEWORK_HEADER = YES;
				CLANG_WARN_RANGE_LOOP_ANALYSIS = YES;
				CLANG_WARN_STRICT_PROTOTYPES = YES;
				CLANG_WARN_SUSPICIOUS_MOVE = YES;
				CLANG_WARN_UNGUARDED_AVAILABILITY = YES_AGGRESSIVE;
				CLANG_WARN_UNREACHABLE_CODE = YES;
				CLANG_WARN__DUPLICATE_METHOD_MATCH = YES;
				COPY_PHASE_STRIP = NO;
				DEBUG_INFORMATION_FORMAT = "dwarf-with-dsym";
				ENABLE_NS_ASSERTIONS = NO;
				ENABLE_STRICT_OBJC_MSGSEND = YES;
				GCC_C_LANGUAGE_STANDARD = gnu11;
				GCC_NO_COMMON_BLOCKS = YES;
				GCC_WARN_64_TO_32_BIT_CONVERSION = YES;
				GCC_WARN_ABOUT_RETURN_TYPE = YES_ERROR;
				GCC_WARN_UNDECLARED_SELECTOR = YES;
				GCC_WARN_UNINITIALIZED_AUTOS = YES_AGGRESSIVE;
				GCC_WARN_UNUSED_FUNCTION = YES;
				GCC_WARN_UNUSED_VARIABLE = YES;
				IPHONEOS_DEPLOYMENT_TARGET = 15.5;
				MTL_ENABLE_DEBUG_INFO = NO;
				MTL_FAST_MATH = YES;
				SDKROOT = iphoneos;
				SWIFT_COMPILATION_MODE = wholemodule;
				SWIFT_OPTIMIZATION_LEVEL = "-O";
				VALIDATE_PRODUCT = YES;
			};
			name = Release;
		};
		C59AC21228D08983006C79F5 /* Debug */ = {
			isa = XCBuildConfiguration;
			buildSettings = {
				ASSETCATALOG_COMPILER_APPICON_NAME = AppIcon;
				ASSETCATALOG_COMPILER_GLOBAL_ACCENT_COLOR_NAME = AccentColor;
				CODE_SIGN_STYLE = Automatic;
				CURRENT_PROJECT_VERSION = 1;
				DEVELOPMENT_ASSET_PATHS = "\"Project8Moonshot/Preview Content\"";
				DEVELOPMENT_TEAM = ACST29WRU8;
				ENABLE_PREVIEWS = YES;
				GENERATE_INFOPLIST_FILE = YES;
				INFOPLIST_KEY_UIApplicationSceneManifest_Generation = YES;
				INFOPLIST_KEY_UIApplicationSupportsIndirectInputEvents = YES;
				INFOPLIST_KEY_UILaunchScreen_Generation = YES;
				INFOPLIST_KEY_UISupportedInterfaceOrientations_iPad = "UIInterfaceOrientationPortrait UIInterfaceOrientationPortraitUpsideDown UIInterfaceOrientationLandscapeLeft UIInterfaceOrientationLandscapeRight";
				INFOPLIST_KEY_UISupportedInterfaceOrientations_iPhone = "UIInterfaceOrientationPortrait UIInterfaceOrientationLandscapeLeft UIInterfaceOrientationLandscapeRight";
				LD_RUNPATH_SEARCH_PATHS = (
					"$(inherited)",
					"@executable_path/Frameworks",
				);
				MARKETING_VERSION = 1.0;
				PRODUCT_BUNDLE_IDENTIFIER = com.Miran.Project8Moonshot;
				PRODUCT_NAME = "$(TARGET_NAME)";
				SWIFT_EMIT_LOC_STRINGS = YES;
				SWIFT_VERSION = 5.0;
				TARGETED_DEVICE_FAMILY = "1,2";
			};
			name = Debug;
		};
		C59AC21328D08983006C79F5 /* Release */ = {
			isa = XCBuildConfiguration;
			buildSettings = {
				ASSETCATALOG_COMPILER_APPICON_NAME = AppIcon;
				ASSETCATALOG_COMPILER_GLOBAL_ACCENT_COLOR_NAME = AccentColor;
				CODE_SIGN_STYLE = Automatic;
				CURRENT_PROJECT_VERSION = 1;
				DEVELOPMENT_ASSET_PATHS = "\"Project8Moonshot/Preview Content\"";
				DEVELOPMENT_TEAM = ACST29WRU8;
				ENABLE_PREVIEWS = YES;
				GENERATE_INFOPLIST_FILE = YES;
				INFOPLIST_KEY_UIApplicationSceneManifest_Generation = YES;
				INFOPLIST_KEY_UIApplicationSupportsIndirectInputEvents = YES;
				INFOPLIST_KEY_UILaunchScreen_Generation = YES;
				INFOPLIST_KEY_UISupportedInterfaceOrientations_iPad = "UIInterfaceOrientationPortrait UIInterfaceOrientationPortraitUpsideDown UIInterfaceOrientationLandscapeLeft UIInterfaceOrientationLandscapeRight";
				INFOPLIST_KEY_UISupportedInterfaceOrientations_iPhone = "UIInterfaceOrientationPortrait UIInterfaceOrientationLandscapeLeft UIInterfaceOrientationLandscapeRight";
				LD_RUNPATH_SEARCH_PATHS = (
					"$(inherited)",
					"@executable_path/Frameworks",
				);
				MARKETING_VERSION = 1.0;
				PRODUCT_BUNDLE_IDENTIFIER = com.Miran.Project8Moonshot;
				PRODUCT_NAME = "$(TARGET_NAME)";
				SWIFT_EMIT_LOC_STRINGS = YES;
				SWIFT_VERSION = 5.0;
				TARGETED_DEVICE_FAMILY = "1,2";
			};
			name = Release;
		};
/* End XCBuildConfiguration section */

/* Begin XCConfigurationList section */
		C59AC1FE28D0897F006C79F5 /* Build configuration list for PBXProject "Project8Moonshot" */ = {
			isa = XCConfigurationList;
			buildConfigurations = (
				C59AC20F28D08983006C79F5 /* Debug */,
				C59AC21028D08983006C79F5 /* Release */,
			);
			defaultConfigurationIsVisible = 0;
			defaultConfigurationName = Release;
		};
		C59AC21128D08983006C79F5 /* Build configuration list for PBXNativeTarget "Project8Moonshot" */ = {
			isa = XCConfigurationList;
			buildConfigurations = (
				C59AC21228D08983006C79F5 /* Debug */,
				C59AC21328D08983006C79F5 /* Release */,
			);
			defaultConfigurationIsVisible = 0;
			defaultConfigurationName = Release;
		};
/* End XCConfigurationList section */
	};
	rootObject = C59AC1FB28D0897F006C79F5 /* Project object */;
}
